
Microsoft Visual Studio Solution File, Format Version 12.00
# Visual Studio Version 17
VisualStudioVersion = 17.4.33213.308
MinimumVisualStudioVersion = 10.0.40219.1
Project("{9A19103F-16F7-4668-BE54-9A1E7A4F7556}") = "Thegioididong.API", "Thegioididong.API\Thegioididong.API.csproj", "{48A76676-C5A5-447D-B786-F56CD054FEA1}"
EndProject
Project("{FAE04EC0-301F-11D3-BF4B-00C04F79EFBC}") = "Thegioididong.Model", "Thegioididong.Model\Thegioididong.Model.csproj", "{A44FCE6F-D69F-4763-A236-F10E61676A1E}"
EndProject
Project("{FAE04EC0-301F-11D3-BF4B-00C04F79EFBC}") = "Thegioididong.Data", "Thegioididong.Data\Thegioididong.Data.csproj", "{E4E04CB2-2FDF-4FDC-AEC6-DCBA1B2B4767}"
EndProject
Project("{FAE04EC0-301F-11D3-BF4B-00C04F79EFBC}") = "Thegioididong.Service", "Thegioididong.Service\Thegioididong.Service.csproj", "{D897F42F-4F59-42E9-A452-05C120063807}"
EndProject
Global
	GlobalSection(SolutionConfigurationPlatforms) = preSolution
		Debug|Any CPU = Debug|Any CPU
		Release|Any CPU = Release|Any CPU
	EndGlobalSection
	GlobalSection(ProjectConfigurationPlatforms) = postSolution
		{48A76676-C5A5-447D-B786-F56CD054FEA1}.Debug|Any CPU.ActiveCfg = Debug|Any CPU
		{48A76676-C5A5-447D-B786-F56CD054FEA1}.Debug|Any CPU.Build.0 = Debug|Any CPU
		{48A76676-C5A5-447D-B786-F56CD054FEA1}.Release|Any CPU.ActiveCfg = Release|Any CPU
		{48A76676-C5A5-447D-B786-F56CD054FEA1}.Release|Any CPU.Build.0 = Release|Any CPU
		{A44FCE6F-D69F-4763-A236-F10E61676A1E}.Debug|Any CPU.ActiveCfg = Debug|Any CPU
		{A44FCE6F-D69F-4763-A236-F10E61676A1E}.Debug|Any CPU.Build.0 = Debug|Any CPU
		{A44FCE6F-D69F-4763-A236-F10E61676A1E}.Release|Any CPU.ActiveCfg = Release|Any CPU
		{A44FCE6F-D69F-4763-A236-F10E61676A1E}.Release|Any CPU.Build.0 = Release|Any CPU
		{E4E04CB2-2FDF-4FDC-AEC6-DCBA1B2B4767}.Debug|Any CPU.ActiveCfg = Debug|Any CPU
		{E4E04CB2-2FDF-4FDC-AEC6-DCBA1B2B4767}.Debug|Any CPU.Build.0 = Debug|Any CPU
		{E4E04CB2-2FDF-4FDC-AEC6-DCBA1B2B4767}.Release|Any CPU.ActiveCfg = Release|Any CPU
		{E4E04CB2-2FDF-4FDC-AEC6-DCBA1B2B4767}.Release|Any CPU.Build.0 = Release|Any CPU
		{D897F42F-4F59-42E9-A452-05C120063807}.Debug|Any CPU.ActiveCfg = Debug|Any CPU
		{D897F42F-4F59-42E9-A452-05C120063807}.Debug|Any CPU.Build.0 = Debug|Any CPU
		{D897F42F-4F59-42E9-A452-05C120063807}.Release|Any CPU.ActiveCfg = Release|Any CPU
		{D897F42F-4F59-42E9-A452-05C120063807}.Release|Any CPU.Build.0 = Release|Any CPU
	EndGlobalSection
	GlobalSection(SolutionProperties) = preSolution
		HideSolutionNode = FALSE
	EndGlobalSection
	GlobalSection(ExtensibilityGlobals) = postSolution
		SolutionGuid = {C0689CCD-5489-4EC7-9BFC-211177CA43E2}
	EndGlobalSection
EndGlobal
