
Microsoft Visual Studio Solution File, Format Version 12.00
# Visual Studio Version 17
VisualStudioVersion = 17.4.33213.308
MinimumVisualStudioVersion = 10.0.40219.1
Project("{FAE04EC0-301F-11D3-BF4B-00C04F79EFBC}") = "Thegioididong.API", "Thegioididong.API\Thegioididong.API.csproj", "{48A76676-C5A5-447D-B786-F56CD054FEA1}"
EndProject
Global
	GlobalSection(SolutionConfigurationPlatforms) = preSolution
		Debug|Any CPU = Debug|Any CPU
		Release|Any CPU = Release|Any CPU
	EndGlobalSection
	GlobalSection(ProjectConfigurationPlatforms) = postSolution
		{48A76676-C5A5-447D-B786-F56CD054FEA1}.Debug|Any CPU.ActiveCfg = Debug|Any CPU
		{48A76676-C5A5-447D-B786-F56CD054FEA1}.Debug|Any CPU.Build.0 = Debug|Any CPU
		{48A76676-C5A5-447D-B786-F56CD054FEA1}.Release|Any CPU.ActiveCfg = Release|Any CPU
		{48A76676-C5A5-447D-B786-F56CD054FEA1}.Release|Any CPU.Build.0 = Release|Any CPU
	EndGlobalSection
	GlobalSection(SolutionProperties) = preSolution
		HideSolutionNode = FALSE
	EndGlobalSection
	GlobalSection(ExtensibilityGlobals) = postSolution
		SolutionGuid = {C0689CCD-5489-4EC7-9BFC-211177CA43E2}
	EndGlobalSection
EndGlobal
