
Microsoft Visual Studio Solution File, Format Version 12.00
# Visual Studio Version 17
VisualStudioVersion = 17.4.33213.308
MinimumVisualStudioVersion = 10.0.40219.1
Project("{9A19103F-16F7-4668-BE54-9A1E7A4F7556}") = "Thegioididong.API", "Thegioididong.API\Thegioididong.API.csproj", "{48A76676-C5A5-447D-B786-F56CD054FEA1}"
EndProject
Project("{9A19103F-16F7-4668-BE54-9A1E7A4F7556}") = "Thegioididong.Model", "Thegioididong.Model\Thegioididong.Model.csproj", "{A44FCE6F-D69F-4763-A236-F10E61676A1E}"
EndProject
Project("{9A19103F-16F7-4668-BE54-9A1E7A4F7556}") = "Thegioididong.Data", "Thegioididong.Data\Thegioididong.Data.csproj", "{E4E04CB2-2FDF-4FDC-AEC6-DCBA1B2B4767}"
EndProject
Project("{9A19103F-16F7-4668-BE54-9A1E7A4F7556}") = "Thegioididong.Service", "Thegioididong.Service\Thegioididong.Service.csproj", "{D897F42F-4F59-42E9-A452-05C120063807}"
EndProject
Project("{9A19103F-16F7-4668-BE54-9A1E7A4F7556}") = "Thegioididong.Common", "Thegioididong.Common\Thegioididong.Common.csproj", "{03141EBC-EADB-4BEB-BE2A-A8FA75ED66C9}"
EndProject
Project("{9A19103F-16F7-4668-BE54-9A1E7A4F7556}") = "Thegioididong.PublicApi", "Thegioididong.PublicApi\Thegioididong.PublicApi.csproj", "{5A862411-EED8-4CA1-A034-A39D62912214}"
EndProject
Project("{9A19103F-16F7-4668-BE54-9A1E7A4F7556}") = "Thegioididong.ManageApi", "Thegioididong.ManageApi\Thegioididong.ManageApi.csproj", "{9948CCE9-F5B0-45EA-B0EF-C410BBA14033}"
EndProject
Project("{2150E333-8FDC-42A3-9474-1A3956D46DE8}") = "1.Solution Items", "1.Solution Items", "{80A95CCB-A96F-454A-903D-7A6CF961CF8A}"
	ProjectSection(SolutionItems) = preProject
		README.md = README.md
	EndProjectSection
EndProject
Project("{2150E333-8FDC-42A3-9474-1A3956D46DE8}") = "2.Infrastructure", "2.Infrastructure", "{A5BE8E39-375A-45C9-9168-0F2B5562C010}"
EndProject
Project("{2150E333-8FDC-42A3-9474-1A3956D46DE8}") = "3.Domain", "3.Domain", "{74FD1A43-0326-4C63-8E9B-9D2D457D51A9}"
EndProject
Project("{2150E333-8FDC-42A3-9474-1A3956D46DE8}") = "4.Hosts", "4.Hosts", "{D0877999-22A6-4B4B-85D0-01CB05F3638C}"
EndProject
Global
	GlobalSection(SolutionConfigurationPlatforms) = preSolution
		Debug|Any CPU = Debug|Any CPU
		Release|Any CPU = Release|Any CPU
	EndGlobalSection
	GlobalSection(ProjectConfigurationPlatforms) = postSolution
		{48A76676-C5A5-447D-B786-F56CD054FEA1}.Debug|Any CPU.ActiveCfg = Debug|Any CPU
		{48A76676-C5A5-447D-B786-F56CD054FEA1}.Debug|Any CPU.Build.0 = Debug|Any CPU
		{48A76676-C5A5-447D-B786-F56CD054FEA1}.Release|Any CPU.ActiveCfg = Release|Any CPU
		{48A76676-C5A5-447D-B786-F56CD054FEA1}.Release|Any CPU.Build.0 = Release|Any CPU
		{A44FCE6F-D69F-4763-A236-F10E61676A1E}.Debug|Any CPU.ActiveCfg = Debug|Any CPU
		{A44FCE6F-D69F-4763-A236-F10E61676A1E}.Debug|Any CPU.Build.0 = Debug|Any CPU
		{A44FCE6F-D69F-4763-A236-F10E61676A1E}.Release|Any CPU.ActiveCfg = Release|Any CPU
		{A44FCE6F-D69F-4763-A236-F10E61676A1E}.Release|Any CPU.Build.0 = Release|Any CPU
		{E4E04CB2-2FDF-4FDC-AEC6-DCBA1B2B4767}.Debug|Any CPU.ActiveCfg = Debug|Any CPU
		{E4E04CB2-2FDF-4FDC-AEC6-DCBA1B2B4767}.Debug|Any CPU.Build.0 = Debug|Any CPU
		{E4E04CB2-2FDF-4FDC-AEC6-DCBA1B2B4767}.Release|Any CPU.ActiveCfg = Release|Any CPU
		{E4E04CB2-2FDF-4FDC-AEC6-DCBA1B2B4767}.Release|Any CPU.Build.0 = Release|Any CPU
		{D897F42F-4F59-42E9-A452-05C120063807}.Debug|Any CPU.ActiveCfg = Debug|Any CPU
		{D897F42F-4F59-42E9-A452-05C120063807}.Debug|Any CPU.Build.0 = Debug|Any CPU
		{D897F42F-4F59-42E9-A452-05C120063807}.Release|Any CPU.ActiveCfg = Release|Any CPU
		{D897F42F-4F59-42E9-A452-05C120063807}.Release|Any CPU.Build.0 = Release|Any CPU
		{03141EBC-EADB-4BEB-BE2A-A8FA75ED66C9}.Debug|Any CPU.ActiveCfg = Debug|Any CPU
		{03141EBC-EADB-4BEB-BE2A-A8FA75ED66C9}.Debug|Any CPU.Build.0 = Debug|Any CPU
		{03141EBC-EADB-4BEB-BE2A-A8FA75ED66C9}.Release|Any CPU.ActiveCfg = Release|Any CPU
		{03141EBC-EADB-4BEB-BE2A-A8FA75ED66C9}.Release|Any CPU.Build.0 = Release|Any CPU
		{5A862411-EED8-4CA1-A034-A39D62912214}.Debug|Any CPU.ActiveCfg = Debug|Any CPU
		{5A862411-EED8-4CA1-A034-A39D62912214}.Debug|Any CPU.Build.0 = Debug|Any CPU
		{5A862411-EED8-4CA1-A034-A39D62912214}.Release|Any CPU.ActiveCfg = Release|Any CPU
		{5A862411-EED8-4CA1-A034-A39D62912214}.Release|Any CPU.Build.0 = Release|Any CPU
		{9948CCE9-F5B0-45EA-B0EF-C410BBA14033}.Debug|Any CPU.ActiveCfg = Debug|Any CPU
		{9948CCE9-F5B0-45EA-B0EF-C410BBA14033}.Debug|Any CPU.Build.0 = Debug|Any CPU
		{9948CCE9-F5B0-45EA-B0EF-C410BBA14033}.Release|Any CPU.ActiveCfg = Release|Any CPU
		{9948CCE9-F5B0-45EA-B0EF-C410BBA14033}.Release|Any CPU.Build.0 = Release|Any CPU
	EndGlobalSection
	GlobalSection(SolutionProperties) = preSolution
		HideSolutionNode = FALSE
	EndGlobalSection
	GlobalSection(NestedProjects) = preSolution
		{48A76676-C5A5-447D-B786-F56CD054FEA1} = {D0877999-22A6-4B4B-85D0-01CB05F3638C}
		{A44FCE6F-D69F-4763-A236-F10E61676A1E} = {A5BE8E39-375A-45C9-9168-0F2B5562C010}
		{E4E04CB2-2FDF-4FDC-AEC6-DCBA1B2B4767} = {74FD1A43-0326-4C63-8E9B-9D2D457D51A9}
		{D897F42F-4F59-42E9-A452-05C120063807} = {74FD1A43-0326-4C63-8E9B-9D2D457D51A9}
		{03141EBC-EADB-4BEB-BE2A-A8FA75ED66C9} = {A5BE8E39-375A-45C9-9168-0F2B5562C010}
		{5A862411-EED8-4CA1-A034-A39D62912214} = {D0877999-22A6-4B4B-85D0-01CB05F3638C}
		{9948CCE9-F5B0-45EA-B0EF-C410BBA14033} = {D0877999-22A6-4B4B-85D0-01CB05F3638C}
	EndGlobalSection
	GlobalSection(ExtensibilityGlobals) = postSolution
		SolutionGuid = {C0689CCD-5489-4EC7-9BFC-211177CA43E2}
	EndGlobalSection
EndGlobal
